
Microsoft Visual Studio Solution File, Format Version 12.00
# Visual Studio Version 17
VisualStudioVersion = 17.9.34714.143
MinimumVisualStudioVersion = 10.0.40219.1
Project("{9A19103F-16F7-4668-BE54-9A1E7A4F7556}") = "Shared", "Shared\Shared.csproj", "{1ADDCFE7-3B95-4332-BE94-A519142515C9}"
EndProject
Project("{9A19103F-16F7-4668-BE54-9A1E7A4F7556}") = "Sender", "Sender\Sender.csproj", "{254B3CAC-17DA-4C68-96B1-38F2ABB83B84}"
EndProject
Project("{9A19103F-16F7-4668-BE54-9A1E7A4F7556}") = "Receiver", "Receiver\Receiver.csproj", "{3A6DEBE7-9748-40C1-B5B8-CFD6F664FCB1}"
EndProject
Global
	GlobalSection(SolutionConfigurationPlatforms) = preSolution
		Debug|Any CPU = Debug|Any CPU
		Release|Any CPU = Release|Any CPU
	EndGlobalSection
	GlobalSection(ProjectConfigurationPlatforms) = postSolution
		{1ADDCFE7-3B95-4332-BE94-A519142515C9}.Debug|Any CPU.ActiveCfg = Debug|Any CPU
		{1ADDCFE7-3B95-4332-BE94-A519142515C9}.Debug|Any CPU.Build.0 = Debug|Any CPU
		{1ADDCFE7-3B95-4332-BE94-A519142515C9}.Release|Any CPU.ActiveCfg = Release|Any CPU
		{1ADDCFE7-3B95-4332-BE94-A519142515C9}.Release|Any CPU.Build.0 = Release|Any CPU
		{254B3CAC-17DA-4C68-96B1-38F2ABB83B84}.Debug|Any CPU.ActiveCfg = Debug|Any CPU
		{254B3CAC-17DA-4C68-96B1-38F2ABB83B84}.Debug|Any CPU.Build.0 = Debug|Any CPU
		{254B3CAC-17DA-4C68-96B1-38F2ABB83B84}.Release|Any CPU.ActiveCfg = Release|Any CPU
		{254B3CAC-17DA-4C68-96B1-38F2ABB83B84}.Release|Any CPU.Build.0 = Release|Any CPU
		{3A6DEBE7-9748-40C1-B5B8-CFD6F664FCB1}.Debug|Any CPU.ActiveCfg = Debug|Any CPU
		{3A6DEBE7-9748-40C1-B5B8-CFD6F664FCB1}.Debug|Any CPU.Build.0 = Debug|Any CPU
		{3A6DEBE7-9748-40C1-B5B8-CFD6F664FCB1}.Release|Any CPU.ActiveCfg = Release|Any CPU
		{3A6DEBE7-9748-40C1-B5B8-CFD6F664FCB1}.Release|Any CPU.Build.0 = Release|Any CPU
	EndGlobalSection
	GlobalSection(SolutionProperties) = preSolution
		HideSolutionNode = FALSE
	EndGlobalSection
	GlobalSection(ExtensibilityGlobals) = postSolution
		SolutionGuid = {1B4C40A2-D827-4A3D-B2D1-291DA019948D}
	EndGlobalSection
EndGlobal
